{
  "name": "ts-sqrt-type",
  "version": "1.0.0",
  "lockfileVersion": 2,
  "requires": true,
  "packages": {
    "": {
      "version": "1.0.0",
      "license": "MIT",
      "dependencies": {
        "conditional-type-checks": "^1.0.5",
        "typescript": "^4.2.4"
      }
    },
    "node_modules/conditional-type-checks": {
      "version": "1.0.5",
      "resolved": "https://registry.npmjs.org/conditional-type-checks/-/conditional-type-checks-1.0.5.tgz",
      "integrity": "sha512-DkfkvmjXVe4ye4llJ1JADtO3dNvqqcQM08cA9BhNt9Oe8pyRW8X1CZyBg9Qst05bDV9BJM01KLmnFh78NcJgNg=="
    },
    "node_modules/typescript": {
      "version": "4.2.4",
      "resolved": "https://registry.npmjs.org/typescript/-/typescript-4.2.4.tgz",
      "integrity": "sha512-V+evlYHZnQkaz8TRBuxTA92yZBPotr5H+WhQ7bD3hZUndx5tGOa1fuCgeSjxAzM1RiN5IzvadIXTVefuuwZCRg==",
      "bin": {
        "tsc": "bin/tsc",
        "tsserver": "bin/tsserver"
      },
      "engines": {
        "node": ">=4.2.0"
      }
    }
  },
  "dependencies": {
    "conditional-type-checks": {
      "version": "1.0.5",
      "resolved": "https://registry.npmjs.org/conditional-type-checks/-/conditional-type-checks-1.0.5.tgz",
      "integrity": "sha512-DkfkvmjXVe4ye4llJ1JADtO3dNvqqcQM08cA9BhNt9Oe8pyRW8X1CZyBg9Qst05bDV9BJM01KLmnFh78NcJgNg=="
    },
    "typescript": {
      "version": "4.2.4",
      "resolved": "https://registry.npmjs.org/typescript/-/typescript-4.2.4.tgz",
      "integrity": "sha512-V+evlYHZnQkaz8TRBuxTA92yZBPotr5H+WhQ7bD3hZUndx5tGOa1fuCgeSjxAzM1RiN5IzvadIXTVefuuwZCRg=="
    }
  }
}
